        "eslint": "^7.32.0",
      "license": "MIT",
      "integrity": "sha512-INJYZQJP7g+IoDUh/475NlGiTeMfwTXUEr3tmRneckHIxNolGOW9CTq83S8cxq0CgJwwcMzMJFchxvlwe7Rk8Q=="
      "integrity": "sha512-rq9s+JNhf0IChjtDXxllJ7g41oZk5SlXtp0LHwyA5cejwn7vKmKp4pPri6YEePv2PU65sAsegbXtIinmDFDXgQ=="
      "integrity": "sha512-DCRfO/4nQ+89p/RK43i8Ezd41EqdGIU4ld7nGF8OQ14oc/we5rEntLCUa7+jrn3nn83BosfwZA0wb4pon2o8iQ=="
      "integrity": "sha512-5p6WTN0DdTGVQk6VjcEju19IgaHudalcfabD7yhDGeA6bcQnmL+CpveLJq/3hvfwd1aof6L386Ougkx6RfyMIQ=="
      "integrity": "sha512-squySRkf+6JGnvjoUtDEjSREJEBirnXi9NqP6rjSYsylxQxqBTz+pkmf395i9E2zsvmYUaI40BHo6SqZUdydlw=="
      "integrity": "sha512-/jUa4sSuDZWlDLQ1gwQQR8uoYSvLJzDd8m5o6bPKh3asLAMYVZKdRCjb1joUd5WXf0WwCNzd2EjwQQhupou0dA=="
      "integrity": "sha512-623WEiZJqxR7VdxFCKLI6d6LLpwJkGPYKODnkH3D7WpOG5KM8yWueBd8TLsNAetEJNF5iJmolaAKO3F8yzyVBQ=="
      "integrity": "sha512-olV41bKSMm8BdnuMsewT4jqlZ8+3TCARAXjZGT9jcoSnrfUnRCqnMoF9XEeoWjbzObpqF9dRhHQj0Xb9QdF6/w=="
      "integrity": "sha512-uIYxQsdKrDdbhygEFlbTVoaxawZMZXMasAOryQ1oMFTragcxLhhWIfc8peLCBXuB7fJ5SICtPZ2De7Pk7eS8SQ=="
      "integrity": "sha512-HcodHj4JeXZGL2yJEi/ZtMxQe7ALPjTrd3BvL96U2u3oll9wFisn3Ev5CsCKvglOtvkWKaMqapaQJ9qZBSjcsw=="
      "integrity": "sha512-I7xHUAH6QK3l+NA8sS597YbfBAqChlaiLnxrSdAJqDm31K0W232qvqBH+Z/8OUQokdPBDfmZhFg/9oyxTd6QhA=="
      "integrity": "sha512-93DAJbI4FjR0Yops+0v1MZIUhIMRQOm/N//o35mk/g4NCZ99HIOB+gdZPorZwKX3mfr3h3H3ATcU4jLMfpuC9Q=="
      "integrity": "sha512-jBlj70iBwOTvvImsU9t01LjFjy4sXEtclBovl3mTiqjz23Reu0DKnRza4zlLtOPACx6j2/7MrQIthIK1Wi+LIA=="
      "integrity": "sha512-92RQ4GkM+OIPuzxiNIhi+AjNkSFaeM3YGGNlnkqJiYX8LFf6v055km7ingrvLBLfvrtNMiInM5geBwVDOaNrmQ=="
      "integrity": "sha512-BAkMFcAzl8as1G/hArkxOxq3G7pjUqQ3gzYbLL0/5zNkph70e+lCoxBGnm6AW1+/aiNeV4fnKqZ8m4GZewmH2w=="
